
Microsoft Visual Studio Solution File, Format Version 12.00
# Visual Studio 15
VisualStudioVersion = 15.0.26430.6
MinimumVisualStudioVersion = 10.0.40219.1
Project("{2150E333-8FDC-42A3-9474-1A3956D46DE8}") = "src", "src", "{0CA2F610-6D57-4D1F-92E3-EDCCEDAD8297}"
EndProject
Project("{2150E333-8FDC-42A3-9474-1A3956D46DE8}") = "Solution Items", "Solution Items", "{F72DED29-7BF7-4870-81B4-7AFE91270530}"
	ProjectSection(SolutionItems) = preProject
		.gitignore = .gitignore
		LICENSE = LICENSE
		README.md = README.md
		Repository.md = Repository.md
		.github\workflows\dotnetcore.yml = .github\workflows\dotnetcore.yml
	EndProjectSection
EndProject
Project("{9A19103F-16F7-4668-BE54-9A1E7A4F7556}") = "eQuantic.Core.Data.EntityFramework", "src\eQuantic.Core.Data.EntityFramework\eQuantic.Core.Data.EntityFramework.csproj", "{CB4BD082-A5A5-4E9D-A226-1C7B8C505CC2}"
EndProject
Project("{FAE04EC0-301F-11D3-BF4B-00C04F79EFBC}") = "eQuantic.Core.Data.EntityFramework.Net6", "src\eQuantic.Core.Data.EntityFramework\eQuantic.Core.Data.EntityFramework.Net6.csproj", "{20175F0B-5566-4213-A60E-435A9458B018}"
EndProject
Project("{FAE04EC0-301F-11D3-BF4B-00C04F79EFBC}") = "eQuantic.Core.Data.EntityFramework.Net7", "src\eQuantic.Core.Data.EntityFramework\eQuantic.Core.Data.EntityFramework.Net7.csproj", "{BFDD8BE6-912B-4593-8F53-C6B6B3F8490F}"
EndProject
Project("{FAE04EC0-301F-11D3-BF4B-00C04F79EFBC}") = "eQuantic.Core.Data.EntityFramework.Net8", "src\eQuantic.Core.Data.EntityFramework\eQuantic.Core.Data.EntityFramework.Net8.csproj", "{AB04C373-0DBD-4B6F-811D-D668851BBAD5}"
EndProject
Project("{FAE04EC0-301F-11D3-BF4B-00C04F79EFBC}") = "eQuantic.Core.Data.EntityFramework.SqlServer", "src\eQuantic.Core.Data.EntityFramework.SqlServer\eQuantic.Core.Data.EntityFramework.SqlServer.csproj", "{91233051-EE7E-4CBB-8FFD-B900ABBACBBE}"
EndProject
Project("{2150E333-8FDC-42A3-9474-1A3956D46DE8}") = "SqlServer", "SqlServer", "{5B80C186-5E75-413B-B825-0B5B2FE9A3E4}"
EndProject
Project("{2150E333-8FDC-42A3-9474-1A3956D46DE8}") = "MongoDb", "MongoDb", "{F613B6F2-C420-4E72-981A-47A20A538BC6}"
EndProject
Project("{FAE04EC0-301F-11D3-BF4B-00C04F79EFBC}") = "eQuantic.Core.Data.EntityFramework.MongoDb", "src\eQuantic.Core.Data.EntityFramework.MongoDb\eQuantic.Core.Data.EntityFramework.MongoDb.csproj", "{B1BE22DD-76F6-45BE-BBD8-6502B8CCB47D}"
EndProject
Project("{FAE04EC0-301F-11D3-BF4B-00C04F79EFBC}") = "eQuantic.Core.Data.EntityFramework.SqlServer.Net6", "src\eQuantic.Core.Data.EntityFramework.SqlServer\eQuantic.Core.Data.EntityFramework.SqlServer.Net6.csproj", "{CD7B2B69-FCC3-49FB-9EE9-0078EC30507B}"
EndProject
Project("{FAE04EC0-301F-11D3-BF4B-00C04F79EFBC}") = "eQuantic.Core.Data.EntityFramework.SqlServer.Net7", "src\eQuantic.Core.Data.EntityFramework.SqlServer\eQuantic.Core.Data.EntityFramework.SqlServer.Net7.csproj", "{068DEA0E-ED2C-43FE-9552-7D33F88B8C8F}"
EndProject
Project("{FAE04EC0-301F-11D3-BF4B-00C04F79EFBC}") = "eQuantic.Core.Data.EntityFramework.SqlServer.Net8", "src\eQuantic.Core.Data.EntityFramework.SqlServer\eQuantic.Core.Data.EntityFramework.SqlServer.Net8.csproj", "{A5610597-89E9-4BE1-8B87-31B7B7E11473}"
EndProject
Project("{FAE04EC0-301F-11D3-BF4B-00C04F79EFBC}") = "eQuantic.Core.Data.EntityFramework.MongoDb.Net9", "src\eQuantic.Core.Data.EntityFramework.MongoDb\eQuantic.Core.Data.EntityFramework.MongoDb.Net9.csproj", "{730DEB2B-3B8C-49A4-BD2D-12A274C8790A}"
EndProject
Project("{FAE04EC0-301F-11D3-BF4B-00C04F79EFBC}") = "eQuantic.Core.Data.EntityFramework.SqlServer.Net9", "src\eQuantic.Core.Data.EntityFramework.SqlServer\eQuantic.Core.Data.EntityFramework.SqlServer.Net9.csproj", "{8FB6D5FF-A9A0-4A38-AA24-9746E3ADD344}"
EndProject
Project("{FAE04EC0-301F-11D3-BF4B-00C04F79EFBC}") = "eQuantic.Core.Data.EntityFramework.Net9", "src\eQuantic.Core.Data.EntityFramework\eQuantic.Core.Data.EntityFramework.Net9.csproj", "{99E041B1-FD74-4D9E-97E0-00CA10E2E8A5}"
EndProject
Project("{2150E333-8FDC-42A3-9474-1A3956D46DE8}") = "MySql", "MySql", "{9D499CE2-6681-4F5D-8F47-F634EFF79132}"
EndProject
Project("{FAE04EC0-301F-11D3-BF4B-00C04F79EFBC}") = "eQuantic.Core.Data.EntityFramework.MySql", "src\eQuantic.Core.Data.EntityFramework.MySql\eQuantic.Core.Data.EntityFramework.MySql.csproj", "{7921DCBF-FAFF-4080-8AA0-A00C0548FDD8}"
EndProject
Project("{FAE04EC0-301F-11D3-BF4B-00C04F79EFBC}") = "eQuantic.Core.Data.EntityFramework.MySql.Net8", "src\eQuantic.Core.Data.EntityFramework.MySql\eQuantic.Core.Data.EntityFramework.MySql.Net8.csproj", "{C7367715-9273-460F-BE2C-1BB06095E45C}"
EndProject
Project("{FAE04EC0-301F-11D3-BF4B-00C04F79EFBC}") = "eQuantic.Core.Data.EntityFramework.MySql.Net9", "src\eQuantic.Core.Data.EntityFramework.MySql\eQuantic.Core.Data.EntityFramework.MySql.Net9.csproj", "{CD4AFD53-E76D-4181-85BA-B14E37DEFAFD}"
EndProject
Project("{2150E333-8FDC-42A3-9474-1A3956D46DE8}") = "PostgreSql", "PostgreSql", "{A6FAA830-E2CB-48CD-91C6-E0D75BFD8291}"
EndProject
Project("{FAE04EC0-301F-11D3-BF4B-00C04F79EFBC}") = "eQuantic.Core.Data.EntityFramework.PostgreSql", "src\eQuantic.Core.Data.EntityFramework.PostgreSql\eQuantic.Core.Data.EntityFramework.PostgreSql.csproj", "{B67128D8-373F-4215-9DCE-85594BEAC0E2}"
EndProject
Project("{FAE04EC0-301F-11D3-BF4B-00C04F79EFBC}") = "eQuantic.Core.Data.EntityFramework.PostgreSql.Net8", "src\eQuantic.Core.Data.EntityFramework.PostgreSql\eQuantic.Core.Data.EntityFramework.PostgreSql.Net8.csproj", "{46781B67-3B50-4DC9-BA64-6713528F605A}"
EndProject
Project("{FAE04EC0-301F-11D3-BF4B-00C04F79EFBC}") = "eQuantic.Core.Data.EntityFramework.PostgreSql.Net9", "src\eQuantic.Core.Data.EntityFramework.PostgreSql\eQuantic.Core.Data.EntityFramework.PostgreSql.Net9.csproj", "{715C2497-F3FF-468D-ACF6-A3BB5C18D2D6}"
EndProject
Project("{FAE04EC0-301F-11D3-BF4B-00C04F79EFBC}") = "eQuantic.Core.Data.EntityFramework.Net10", "src\eQuantic.Core.Data.EntityFramework\eQuantic.Core.Data.EntityFramework.Net10.csproj", "{7D85EC36-84C6-4429-BE02-291F046BACA4}"
EndProject
Project("{FAE04EC0-301F-11D3-BF4B-00C04F79EFBC}") = "eQuantic.Core.Data.EntityFramework.SqlServer.Net10", "src\eQuantic.Core.Data.EntityFramework.SqlServer\eQuantic.Core.Data.EntityFramework.SqlServer.Net10.csproj", "{D40D237B-5C44-4271-9DCC-53E07DE4342F}"
EndProject
Project("{FAE04EC0-301F-11D3-BF4B-00C04F79EFBC}") = "eQuantic.Core.Data.EntityFramework.PostgreSql.Net10", "src\eQuantic.Core.Data.EntityFramework.PostgreSql\eQuantic.Core.Data.EntityFramework.PostgreSql.Net10.csproj", "{9BB6467D-1212-4762-96C8-0C1B6E10109F}"
EndProject
Project("{FAE04EC0-301F-11D3-BF4B-00C04F79EFBC}") = "eQuantic.Core.Data.EntityFramework.MySql.Net10", "src\eQuantic.Core.Data.EntityFramework.MySql\eQuantic.Core.Data.EntityFramework.MySql.Net10.csproj", "{A3EED73E-6A4B-4C7C-9705-BE6FDEA9B748}"
EndProject
Project("{FAE04EC0-301F-11D3-BF4B-00C04F79EFBC}") = "eQuantic.Core.Data.EntityFramework.MongoDb.Net10", "src\eQuantic.Core.Data.EntityFramework.MongoDb\eQuantic.Core.Data.EntityFramework.MongoDb.Net10.csproj", "{B5E862DD-A02A-4E26-AA83-687C608C4203}"
EndProject
Project("{2150E333-8FDC-42A3-9474-1A3956D46DE8}") = "tests", "tests", "{EE71F02F-413D-4BC0-832F-726B6D8C0AD7}"
EndProject
Project("{FAE04EC0-301F-11D3-BF4B-00C04F79EFBC}") = "eQuantic.Core.Data.EntityFramework.Tests", "tests\eQuantic.Core.Data.EntityFramework.Tests\eQuantic.Core.Data.EntityFramework.Tests.csproj", "{D0A7C1F3-94B3-4353-9C14-827ABBAD649D}"
EndProject
Project("{FAE04EC0-301F-11D3-BF4B-00C04F79EFBC}") = "eQuantic.Core.Data.EntityFramework.SqlServer.Tests", "tests\eQuantic.Core.Data.EntityFramework.SqlServer.Tests\eQuantic.Core.Data.EntityFramework.SqlServer.Tests.csproj", "{A730FE2E-2972-41F6-AAF7-3AEE017A7418}"
EndProject
Global
	GlobalSection(SolutionConfigurationPlatforms) = preSolution
		Debug|Any CPU = Debug|Any CPU
		Release|Any CPU = Release|Any CPU
	EndGlobalSection
	GlobalSection(ProjectConfigurationPlatforms) = postSolution
		{CB4BD082-A5A5-4E9D-A226-1C7B8C505CC2}.Debug|Any CPU.ActiveCfg = Debug|Any CPU
		{CB4BD082-A5A5-4E9D-A226-1C7B8C505CC2}.Debug|Any CPU.Build.0 = Debug|Any CPU
		{CB4BD082-A5A5-4E9D-A226-1C7B8C505CC2}.Release|Any CPU.ActiveCfg = Release|Any CPU
		{CB4BD082-A5A5-4E9D-A226-1C7B8C505CC2}.Release|Any CPU.Build.0 = Release|Any CPU
		{20175F0B-5566-4213-A60E-435A9458B018}.Debug|Any CPU.ActiveCfg = Debug|Any CPU
		{20175F0B-5566-4213-A60E-435A9458B018}.Debug|Any CPU.Build.0 = Debug|Any CPU
		{20175F0B-5566-4213-A60E-435A9458B018}.Release|Any CPU.ActiveCfg = Release|Any CPU
		{20175F0B-5566-4213-A60E-435A9458B018}.Release|Any CPU.Build.0 = Release|Any CPU
		{BFDD8BE6-912B-4593-8F53-C6B6B3F8490F}.Debug|Any CPU.ActiveCfg = Debug|Any CPU
		{BFDD8BE6-912B-4593-8F53-C6B6B3F8490F}.Debug|Any CPU.Build.0 = Debug|Any CPU
		{BFDD8BE6-912B-4593-8F53-C6B6B3F8490F}.Release|Any CPU.ActiveCfg = Release|Any CPU
		{BFDD8BE6-912B-4593-8F53-C6B6B3F8490F}.Release|Any CPU.Build.0 = Release|Any CPU
		{AB04C373-0DBD-4B6F-811D-D668851BBAD5}.Debug|Any CPU.ActiveCfg = Debug|Any CPU
		{AB04C373-0DBD-4B6F-811D-D668851BBAD5}.Debug|Any CPU.Build.0 = Debug|Any CPU
		{AB04C373-0DBD-4B6F-811D-D668851BBAD5}.Release|Any CPU.ActiveCfg = Release|Any CPU
		{AB04C373-0DBD-4B6F-811D-D668851BBAD5}.Release|Any CPU.Build.0 = Release|Any CPU
		{91233051-EE7E-4CBB-8FFD-B900ABBACBBE}.Debug|Any CPU.ActiveCfg = Debug|Any CPU
		{91233051-EE7E-4CBB-8FFD-B900ABBACBBE}.Debug|Any CPU.Build.0 = Debug|Any CPU
		{91233051-EE7E-4CBB-8FFD-B900ABBACBBE}.Release|Any CPU.ActiveCfg = Release|Any CPU
		{91233051-EE7E-4CBB-8FFD-B900ABBACBBE}.Release|Any CPU.Build.0 = Release|Any CPU
		{B1BE22DD-76F6-45BE-BBD8-6502B8CCB47D}.Debug|Any CPU.ActiveCfg = Debug|Any CPU
		{B1BE22DD-76F6-45BE-BBD8-6502B8CCB47D}.Debug|Any CPU.Build.0 = Debug|Any CPU
		{B1BE22DD-76F6-45BE-BBD8-6502B8CCB47D}.Release|Any CPU.ActiveCfg = Release|Any CPU
		{B1BE22DD-76F6-45BE-BBD8-6502B8CCB47D}.Release|Any CPU.Build.0 = Release|Any CPU
		{CD7B2B69-FCC3-49FB-9EE9-0078EC30507B}.Debug|Any CPU.ActiveCfg = Debug|Any CPU
		{CD7B2B69-FCC3-49FB-9EE9-0078EC30507B}.Debug|Any CPU.Build.0 = Debug|Any CPU
		{CD7B2B69-FCC3-49FB-9EE9-0078EC30507B}.Release|Any CPU.ActiveCfg = Release|Any CPU
		{CD7B2B69-FCC3-49FB-9EE9-0078EC30507B}.Release|Any CPU.Build.0 = Release|Any CPU
		{068DEA0E-ED2C-43FE-9552-7D33F88B8C8F}.Debug|Any CPU.ActiveCfg = Debug|Any CPU
		{068DEA0E-ED2C-43FE-9552-7D33F88B8C8F}.Debug|Any CPU.Build.0 = Debug|Any CPU
		{068DEA0E-ED2C-43FE-9552-7D33F88B8C8F}.Release|Any CPU.ActiveCfg = Release|Any CPU
		{068DEA0E-ED2C-43FE-9552-7D33F88B8C8F}.Release|Any CPU.Build.0 = Release|Any CPU
		{A5610597-89E9-4BE1-8B87-31B7B7E11473}.Debug|Any CPU.ActiveCfg = Debug|Any CPU
		{A5610597-89E9-4BE1-8B87-31B7B7E11473}.Debug|Any CPU.Build.0 = Debug|Any CPU
		{A5610597-89E9-4BE1-8B87-31B7B7E11473}.Release|Any CPU.ActiveCfg = Release|Any CPU
		{A5610597-89E9-4BE1-8B87-31B7B7E11473}.Release|Any CPU.Build.0 = Release|Any CPU
		{730DEB2B-3B8C-49A4-BD2D-12A274C8790A}.Debug|Any CPU.ActiveCfg = Debug|Any CPU
		{730DEB2B-3B8C-49A4-BD2D-12A274C8790A}.Debug|Any CPU.Build.0 = Debug|Any CPU
		{730DEB2B-3B8C-49A4-BD2D-12A274C8790A}.Release|Any CPU.ActiveCfg = Release|Any CPU
		{730DEB2B-3B8C-49A4-BD2D-12A274C8790A}.Release|Any CPU.Build.0 = Release|Any CPU
		{8FB6D5FF-A9A0-4A38-AA24-9746E3ADD344}.Debug|Any CPU.ActiveCfg = Debug|Any CPU
		{8FB6D5FF-A9A0-4A38-AA24-9746E3ADD344}.Debug|Any CPU.Build.0 = Debug|Any CPU
		{8FB6D5FF-A9A0-4A38-AA24-9746E3ADD344}.Release|Any CPU.ActiveCfg = Release|Any CPU
		{8FB6D5FF-A9A0-4A38-AA24-9746E3ADD344}.Release|Any CPU.Build.0 = Release|Any CPU
		{99E041B1-FD74-4D9E-97E0-00CA10E2E8A5}.Debug|Any CPU.ActiveCfg = Debug|Any CPU
		{99E041B1-FD74-4D9E-97E0-00CA10E2E8A5}.Debug|Any CPU.Build.0 = Debug|Any CPU
		{99E041B1-FD74-4D9E-97E0-00CA10E2E8A5}.Release|Any CPU.ActiveCfg = Release|Any CPU
		{99E041B1-FD74-4D9E-97E0-00CA10E2E8A5}.Release|Any CPU.Build.0 = Release|Any CPU
		{7921DCBF-FAFF-4080-8AA0-A00C0548FDD8}.Debug|Any CPU.ActiveCfg = Debug|Any CPU
		{7921DCBF-FAFF-4080-8AA0-A00C0548FDD8}.Debug|Any CPU.Build.0 = Debug|Any CPU
		{7921DCBF-FAFF-4080-8AA0-A00C0548FDD8}.Release|Any CPU.ActiveCfg = Release|Any CPU
		{7921DCBF-FAFF-4080-8AA0-A00C0548FDD8}.Release|Any CPU.Build.0 = Release|Any CPU
		{C7367715-9273-460F-BE2C-1BB06095E45C}.Debug|Any CPU.ActiveCfg = Debug|Any CPU
		{C7367715-9273-460F-BE2C-1BB06095E45C}.Debug|Any CPU.Build.0 = Debug|Any CPU
		{C7367715-9273-460F-BE2C-1BB06095E45C}.Release|Any CPU.ActiveCfg = Release|Any CPU
		{C7367715-9273-460F-BE2C-1BB06095E45C}.Release|Any CPU.Build.0 = Release|Any CPU
		{CD4AFD53-E76D-4181-85BA-B14E37DEFAFD}.Debug|Any CPU.ActiveCfg = Debug|Any CPU
		{CD4AFD53-E76D-4181-85BA-B14E37DEFAFD}.Debug|Any CPU.Build.0 = Debug|Any CPU
		{CD4AFD53-E76D-4181-85BA-B14E37DEFAFD}.Release|Any CPU.ActiveCfg = Release|Any CPU
		{CD4AFD53-E76D-4181-85BA-B14E37DEFAFD}.Release|Any CPU.Build.0 = Release|Any CPU
		{B67128D8-373F-4215-9DCE-85594BEAC0E2}.Debug|Any CPU.ActiveCfg = Debug|Any CPU
		{B67128D8-373F-4215-9DCE-85594BEAC0E2}.Debug|Any CPU.Build.0 = Debug|Any CPU
		{B67128D8-373F-4215-9DCE-85594BEAC0E2}.Release|Any CPU.ActiveCfg = Release|Any CPU
		{B67128D8-373F-4215-9DCE-85594BEAC0E2}.Release|Any CPU.Build.0 = Release|Any CPU
		{46781B67-3B50-4DC9-BA64-6713528F605A}.Debug|Any CPU.ActiveCfg = Debug|Any CPU
		{46781B67-3B50-4DC9-BA64-6713528F605A}.Debug|Any CPU.Build.0 = Debug|Any CPU
		{46781B67-3B50-4DC9-BA64-6713528F605A}.Release|Any CPU.ActiveCfg = Release|Any CPU
		{46781B67-3B50-4DC9-BA64-6713528F605A}.Release|Any CPU.Build.0 = Release|Any CPU
		{715C2497-F3FF-468D-ACF6-A3BB5C18D2D6}.Debug|Any CPU.ActiveCfg = Debug|Any CPU
		{715C2497-F3FF-468D-ACF6-A3BB5C18D2D6}.Debug|Any CPU.Build.0 = Debug|Any CPU
		{715C2497-F3FF-468D-ACF6-A3BB5C18D2D6}.Release|Any CPU.ActiveCfg = Release|Any CPU
		{715C2497-F3FF-468D-ACF6-A3BB5C18D2D6}.Release|Any CPU.Build.0 = Release|Any CPU
		{7D85EC36-84C6-4429-BE02-291F046BACA4}.Debug|Any CPU.ActiveCfg = Debug|Any CPU
		{7D85EC36-84C6-4429-BE02-291F046BACA4}.Debug|Any CPU.Build.0 = Debug|Any CPU
		{7D85EC36-84C6-4429-BE02-291F046BACA4}.Release|Any CPU.ActiveCfg = Release|Any CPU
		{7D85EC36-84C6-4429-BE02-291F046BACA4}.Release|Any CPU.Build.0 = Release|Any CPU
		{D40D237B-5C44-4271-9DCC-53E07DE4342F}.Debug|Any CPU.ActiveCfg = Debug|Any CPU
		{D40D237B-5C44-4271-9DCC-53E07DE4342F}.Debug|Any CPU.Build.0 = Debug|Any CPU
		{D40D237B-5C44-4271-9DCC-53E07DE4342F}.Release|Any CPU.ActiveCfg = Release|Any CPU
		{D40D237B-5C44-4271-9DCC-53E07DE4342F}.Release|Any CPU.Build.0 = Release|Any CPU
		{9BB6467D-1212-4762-96C8-0C1B6E10109F}.Debug|Any CPU.ActiveCfg = Debug|Any CPU
		{9BB6467D-1212-4762-96C8-0C1B6E10109F}.Debug|Any CPU.Build.0 = Debug|Any CPU
		{9BB6467D-1212-4762-96C8-0C1B6E10109F}.Release|Any CPU.ActiveCfg = Release|Any CPU
		{9BB6467D-1212-4762-96C8-0C1B6E10109F}.Release|Any CPU.Build.0 = Release|Any CPU
		{A3EED73E-6A4B-4C7C-9705-BE6FDEA9B748}.Debug|Any CPU.ActiveCfg = Debug|Any CPU
		{A3EED73E-6A4B-4C7C-9705-BE6FDEA9B748}.Debug|Any CPU.Build.0 = Debug|Any CPU
		{A3EED73E-6A4B-4C7C-9705-BE6FDEA9B748}.Release|Any CPU.ActiveCfg = Release|Any CPU
		{A3EED73E-6A4B-4C7C-9705-BE6FDEA9B748}.Release|Any CPU.Build.0 = Release|Any CPU
		{B5E862DD-A02A-4E26-AA83-687C608C4203}.Debug|Any CPU.ActiveCfg = Debug|Any CPU
		{B5E862DD-A02A-4E26-AA83-687C608C4203}.Debug|Any CPU.Build.0 = Debug|Any CPU
		{B5E862DD-A02A-4E26-AA83-687C608C4203}.Release|Any CPU.ActiveCfg = Release|Any CPU
		{B5E862DD-A02A-4E26-AA83-687C608C4203}.Release|Any CPU.Build.0 = Release|Any CPU
		{D0A7C1F3-94B3-4353-9C14-827ABBAD649D}.Debug|Any CPU.ActiveCfg = Debug|Any CPU
		{D0A7C1F3-94B3-4353-9C14-827ABBAD649D}.Debug|Any CPU.Build.0 = Debug|Any CPU
		{D0A7C1F3-94B3-4353-9C14-827ABBAD649D}.Release|Any CPU.ActiveCfg = Release|Any CPU
		{D0A7C1F3-94B3-4353-9C14-827ABBAD649D}.Release|Any CPU.Build.0 = Release|Any CPU
		{A730FE2E-2972-41F6-AAF7-3AEE017A7418}.Debug|Any CPU.ActiveCfg = Debug|Any CPU
		{A730FE2E-2972-41F6-AAF7-3AEE017A7418}.Debug|Any CPU.Build.0 = Debug|Any CPU
		{A730FE2E-2972-41F6-AAF7-3AEE017A7418}.Release|Any CPU.ActiveCfg = Release|Any CPU
		{A730FE2E-2972-41F6-AAF7-3AEE017A7418}.Release|Any CPU.Build.0 = Release|Any CPU
	EndGlobalSection
	GlobalSection(SolutionProperties) = preSolution
		HideSolutionNode = FALSE
	EndGlobalSection
	GlobalSection(NestedProjects) = preSolution
		{CB4BD082-A5A5-4E9D-A226-1C7B8C505CC2} = {0CA2F610-6D57-4D1F-92E3-EDCCEDAD8297}
		{20175F0B-5566-4213-A60E-435A9458B018} = {0CA2F610-6D57-4D1F-92E3-EDCCEDAD8297}
		{BFDD8BE6-912B-4593-8F53-C6B6B3F8490F} = {0CA2F610-6D57-4D1F-92E3-EDCCEDAD8297}
		{AB04C373-0DBD-4B6F-811D-D668851BBAD5} = {0CA2F610-6D57-4D1F-92E3-EDCCEDAD8297}
		{5B80C186-5E75-413B-B825-0B5B2FE9A3E4} = {0CA2F610-6D57-4D1F-92E3-EDCCEDAD8297}
		{91233051-EE7E-4CBB-8FFD-B900ABBACBBE} = {5B80C186-5E75-413B-B825-0B5B2FE9A3E4}
		{F613B6F2-C420-4E72-981A-47A20A538BC6} = {0CA2F610-6D57-4D1F-92E3-EDCCEDAD8297}
		{B1BE22DD-76F6-45BE-BBD8-6502B8CCB47D} = {F613B6F2-C420-4E72-981A-47A20A538BC6}
		{CD7B2B69-FCC3-49FB-9EE9-0078EC30507B} = {5B80C186-5E75-413B-B825-0B5B2FE9A3E4}
		{068DEA0E-ED2C-43FE-9552-7D33F88B8C8F} = {5B80C186-5E75-413B-B825-0B5B2FE9A3E4}
		{A5610597-89E9-4BE1-8B87-31B7B7E11473} = {5B80C186-5E75-413B-B825-0B5B2FE9A3E4}
		{730DEB2B-3B8C-49A4-BD2D-12A274C8790A} = {F613B6F2-C420-4E72-981A-47A20A538BC6}
		{8FB6D5FF-A9A0-4A38-AA24-9746E3ADD344} = {5B80C186-5E75-413B-B825-0B5B2FE9A3E4}
		{99E041B1-FD74-4D9E-97E0-00CA10E2E8A5} = {0CA2F610-6D57-4D1F-92E3-EDCCEDAD8297}
		{9D499CE2-6681-4F5D-8F47-F634EFF79132} = {0CA2F610-6D57-4D1F-92E3-EDCCEDAD8297}
		{7921DCBF-FAFF-4080-8AA0-A00C0548FDD8} = {9D499CE2-6681-4F5D-8F47-F634EFF79132}
		{C7367715-9273-460F-BE2C-1BB06095E45C} = {9D499CE2-6681-4F5D-8F47-F634EFF79132}
		{CD4AFD53-E76D-4181-85BA-B14E37DEFAFD} = {9D499CE2-6681-4F5D-8F47-F634EFF79132}
		{A6FAA830-E2CB-48CD-91C6-E0D75BFD8291} = {0CA2F610-6D57-4D1F-92E3-EDCCEDAD8297}
		{B67128D8-373F-4215-9DCE-85594BEAC0E2} = {A6FAA830-E2CB-48CD-91C6-E0D75BFD8291}
		{46781B67-3B50-4DC9-BA64-6713528F605A} = {A6FAA830-E2CB-48CD-91C6-E0D75BFD8291}
		{715C2497-F3FF-468D-ACF6-A3BB5C18D2D6} = {A6FAA830-E2CB-48CD-91C6-E0D75BFD8291}
		{7D85EC36-84C6-4429-BE02-291F046BACA4} = {0CA2F610-6D57-4D1F-92E3-EDCCEDAD8297}
		{D40D237B-5C44-4271-9DCC-53E07DE4342F} = {5B80C186-5E75-413B-B825-0B5B2FE9A3E4}
		{9BB6467D-1212-4762-96C8-0C1B6E10109F} = {A6FAA830-E2CB-48CD-91C6-E0D75BFD8291}
		{A3EED73E-6A4B-4C7C-9705-BE6FDEA9B748} = {9D499CE2-6681-4F5D-8F47-F634EFF79132}
		{B5E862DD-A02A-4E26-AA83-687C608C4203} = {F613B6F2-C420-4E72-981A-47A20A538BC6}
		{D0A7C1F3-94B3-4353-9C14-827ABBAD649D} = {EE71F02F-413D-4BC0-832F-726B6D8C0AD7}
		{A730FE2E-2972-41F6-AAF7-3AEE017A7418} = {EE71F02F-413D-4BC0-832F-726B6D8C0AD7}
	EndGlobalSection
	GlobalSection(ExtensibilityGlobals) = postSolution
		SolutionGuid = {83FECDD1-8A97-40B1-8529-3D5216E674C3}
	EndGlobalSection
EndGlobal
